
Microsoft Visual Studio Solution File, Format Version 11.00
# Visual Web Developer Express 2010
Project("{FAE04EC0-301F-11D3-BF4B-00C04F79EFBC}") = "Sample.Tests.NUnit", "Tests.NUnit\Sample.Tests.NUnit.csproj", "{7740874D-D233-479C-AE87-91D8D4B8C5E0}"
EndProject
Project("{FAE04EC0-301F-11D3-BF4B-00C04F79EFBC}") = "AspUnitRunner", "..\src\AspUnitRunner\AspUnitRunner.csproj", "{DC6503A6-459C-4AEE-85CD-8DACE2BF62DE}"
EndProject
Project("{FAE04EC0-301F-11D3-BF4B-00C04F79EFBC}") = "Sample.Web", "web\Sample.Web.csproj", "{07AEA0E8-2F84-44D0-963D-61FBB160348D}"
EndProject
Global
	GlobalSection(SolutionConfigurationPlatforms) = preSolution
		Debug|Any CPU = Debug|Any CPU
		Release|Any CPU = Release|Any CPU
	EndGlobalSection
	GlobalSection(ProjectConfigurationPlatforms) = postSolution
		{7740874D-D233-479C-AE87-91D8D4B8C5E0}.Debug|Any CPU.ActiveCfg = Debug|Any CPU
		{7740874D-D233-479C-AE87-91D8D4B8C5E0}.Debug|Any CPU.Build.0 = Debug|Any CPU
		{7740874D-D233-479C-AE87-91D8D4B8C5E0}.Release|Any CPU.ActiveCfg = Release|Any CPU
		{7740874D-D233-479C-AE87-91D8D4B8C5E0}.Release|Any CPU.Build.0 = Release|Any CPU
		{DC6503A6-459C-4AEE-85CD-8DACE2BF62DE}.Debug|Any CPU.ActiveCfg = Debug|Any CPU
		{DC6503A6-459C-4AEE-85CD-8DACE2BF62DE}.Debug|Any CPU.Build.0 = Debug|Any CPU
		{DC6503A6-459C-4AEE-85CD-8DACE2BF62DE}.Release|Any CPU.ActiveCfg = Release|Any CPU
		{DC6503A6-459C-4AEE-85CD-8DACE2BF62DE}.Release|Any CPU.Build.0 = Release|Any CPU
		{07AEA0E8-2F84-44D0-963D-61FBB160348D}.Debug|Any CPU.ActiveCfg = Debug|Any CPU
		{07AEA0E8-2F84-44D0-963D-61FBB160348D}.Debug|Any CPU.Build.0 = Debug|Any CPU
		{07AEA0E8-2F84-44D0-963D-61FBB160348D}.Release|Any CPU.ActiveCfg = Release|Any CPU
		{07AEA0E8-2F84-44D0-963D-61FBB160348D}.Release|Any CPU.Build.0 = Release|Any CPU
	EndGlobalSection
	GlobalSection(SolutionProperties) = preSolution
		HideSolutionNode = FALSE
	EndGlobalSection
EndGlobal
